
Microsoft Visual Studio Solution File, Format Version 12.00
# Visual Studio Version 17
VisualStudioVersion = 17.5.33424.131
MinimumVisualStudioVersion = 10.0.40219.1
Project("{54A90642-561A-4BB1-A94E-469ADEE60C69}") = "vueapp", "vueapp\vueapp.esproj", "{82717724-C4BE-417F-972D-ED01D4CC331A}"
EndProject
Project("{9A19103F-16F7-4668-BE54-9A1E7A4F7556}") = "webapi", "webapi\webapi.csproj", "{EB477B41-1A43-44AA-A36F-F98BF0293E78}"
EndProject
Global
	GlobalSection(SolutionConfigurationPlatforms) = preSolution
		Debug|Any CPU = Debug|Any CPU
		Release|Any CPU = Release|Any CPU
	EndGlobalSection
	GlobalSection(ProjectConfigurationPlatforms) = postSolution
		{82717724-C4BE-417F-972D-ED01D4CC331A}.Debug|Any CPU.ActiveCfg = Debug|Any CPU
		{82717724-C4BE-417F-972D-ED01D4CC331A}.Debug|Any CPU.Build.0 = Debug|Any CPU
		{82717724-C4BE-417F-972D-ED01D4CC331A}.Debug|Any CPU.Deploy.0 = Debug|Any CPU
		{82717724-C4BE-417F-972D-ED01D4CC331A}.Release|Any CPU.ActiveCfg = Release|Any CPU
		{82717724-C4BE-417F-972D-ED01D4CC331A}.Release|Any CPU.Build.0 = Release|Any CPU
		{82717724-C4BE-417F-972D-ED01D4CC331A}.Release|Any CPU.Deploy.0 = Release|Any CPU
		{EB477B41-1A43-44AA-A36F-F98BF0293E78}.Debug|Any CPU.ActiveCfg = Debug|Any CPU
		{EB477B41-1A43-44AA-A36F-F98BF0293E78}.Debug|Any CPU.Build.0 = Debug|Any CPU
		{EB477B41-1A43-44AA-A36F-F98BF0293E78}.Release|Any CPU.ActiveCfg = Release|Any CPU
		{EB477B41-1A43-44AA-A36F-F98BF0293E78}.Release|Any CPU.Build.0 = Release|Any CPU
	EndGlobalSection
	GlobalSection(SolutionProperties) = preSolution
		HideSolutionNode = FALSE
	EndGlobalSection
	GlobalSection(ExtensibilityGlobals) = postSolution
		SolutionGuid = {5F701FCE-1F13-4BCC-BF85-D2FAF083222E}
	EndGlobalSection
EndGlobal
