
Microsoft Visual Studio Solution File, Format Version 12.00
# Visual Studio Version 17
VisualStudioVersion = 17.5.33424.131
MinimumVisualStudioVersion = 10.0.40219.1
Project("{9A19103F-16F7-4668-BE54-9A1E7A4F7556}") = "JobSubmissionSystem", "JobSubmissionSystem\JobSubmissionSystem.csproj", "{B35A1181-2CE0-4DEC-9E5F-557BC0A6510C}"
EndProject
Project("{2150E333-8FDC-42A3-9474-1A3956D46DE8}") = "Solution Items", "Solution Items", "{FC973D83-4BEC-4DE3-879C-E46B373CB77C}"
	ProjectSection(SolutionItems) = preProject
		.editorconfig = .editorconfig
	EndProjectSection
EndProject
Global
	GlobalSection(SolutionConfigurationPlatforms) = preSolution
		Debug|Any CPU = Debug|Any CPU
		Release|Any CPU = Release|Any CPU
	EndGlobalSection
	GlobalSection(ProjectConfigurationPlatforms) = postSolution
		{B35A1181-2CE0-4DEC-9E5F-557BC0A6510C}.Debug|Any CPU.ActiveCfg = Debug|Any CPU
		{B35A1181-2CE0-4DEC-9E5F-557BC0A6510C}.Debug|Any CPU.Build.0 = Debug|Any CPU
		{B35A1181-2CE0-4DEC-9E5F-557BC0A6510C}.Release|Any CPU.ActiveCfg = Release|Any CPU
		{B35A1181-2CE0-4DEC-9E5F-557BC0A6510C}.Release|Any CPU.Build.0 = Release|Any CPU
	EndGlobalSection
	GlobalSection(SolutionProperties) = preSolution
		HideSolutionNode = FALSE
	EndGlobalSection
	GlobalSection(ExtensibilityGlobals) = postSolution
		SolutionGuid = {5C8C0D73-072A-4568-9207-D405017199AA}
	EndGlobalSection
EndGlobal
